
Microsoft Visual Studio Solution File, Format Version 12.00
# Visual Studio 15
VisualStudioVersion = 15.0.27130.2027
MinimumVisualStudioVersion = 10.0.40219.1
Project("{8BC9CEB8-8B4A-11D0-8D11-00A0C91BC942}") = "bool", "bool.vcxproj", "{162BDD55-0432-41DB-8C9D-EA5D1C01684B}"
EndProject
Project("{8BC9CEB8-8B4A-11D0-8D11-00A0C91BC942}") = "test", "test\test.vcxproj", "{585F7D27-17C1-41BC-AFB7-77ECB007BA40}"
EndProject
Project("{8BC9CEB8-8B4A-11D0-8D11-00A0C91BC942}") = "gtest-md", "..\..\gtest\msvc\2010\gtest-md.vcxproj", "{C8F6C172-56F2-4E76-B5FA-C3B423B31BE8}"
EndProject
Global
	GlobalSection(SolutionConfigurationPlatforms) = preSolution
		Debug|x64 = Debug|x64
		Debug|x86 = Debug|x86
		Release|x64 = Release|x64
		Release|x86 = Release|x86
	EndGlobalSection
	GlobalSection(ProjectConfigurationPlatforms) = postSolution
		{162BDD55-0432-41DB-8C9D-EA5D1C01684B}.Debug|x64.ActiveCfg = Debug|x64
		{162BDD55-0432-41DB-8C9D-EA5D1C01684B}.Debug|x64.Build.0 = Debug|x64
		{162BDD55-0432-41DB-8C9D-EA5D1C01684B}.Debug|x86.ActiveCfg = Debug|Win32
		{162BDD55-0432-41DB-8C9D-EA5D1C01684B}.Debug|x86.Build.0 = Debug|Win32
		{162BDD55-0432-41DB-8C9D-EA5D1C01684B}.Release|x64.ActiveCfg = Release|x64
		{162BDD55-0432-41DB-8C9D-EA5D1C01684B}.Release|x64.Build.0 = Release|x64
		{162BDD55-0432-41DB-8C9D-EA5D1C01684B}.Release|x86.ActiveCfg = Release|Win32
		{162BDD55-0432-41DB-8C9D-EA5D1C01684B}.Release|x86.Build.0 = Release|Win32
		{585F7D27-17C1-41BC-AFB7-77ECB007BA40}.Debug|x64.ActiveCfg = Debug|x64
		{585F7D27-17C1-41BC-AFB7-77ECB007BA40}.Debug|x64.Build.0 = Debug|x64
		{585F7D27-17C1-41BC-AFB7-77ECB007BA40}.Debug|x86.ActiveCfg = Debug|Win32
		{585F7D27-17C1-41BC-AFB7-77ECB007BA40}.Debug|x86.Build.0 = Debug|Win32
		{585F7D27-17C1-41BC-AFB7-77ECB007BA40}.Release|x64.ActiveCfg = Release|x64
		{585F7D27-17C1-41BC-AFB7-77ECB007BA40}.Release|x64.Build.0 = Release|x64
		{585F7D27-17C1-41BC-AFB7-77ECB007BA40}.Release|x86.ActiveCfg = Release|Win32
		{585F7D27-17C1-41BC-AFB7-77ECB007BA40}.Release|x86.Build.0 = Release|Win32
		{C8F6C172-56F2-4E76-B5FA-C3B423B31BE8}.Debug|x64.ActiveCfg = Debug|x64
		{C8F6C172-56F2-4E76-B5FA-C3B423B31BE8}.Debug|x64.Build.0 = Debug|x64
		{C8F6C172-56F2-4E76-B5FA-C3B423B31BE8}.Debug|x86.ActiveCfg = Debug|Win32
		{C8F6C172-56F2-4E76-B5FA-C3B423B31BE8}.Debug|x86.Build.0 = Debug|Win32
		{C8F6C172-56F2-4E76-B5FA-C3B423B31BE8}.Release|x64.ActiveCfg = Release|x64
		{C8F6C172-56F2-4E76-B5FA-C3B423B31BE8}.Release|x64.Build.0 = Release|x64
		{C8F6C172-56F2-4E76-B5FA-C3B423B31BE8}.Release|x86.ActiveCfg = Release|Win32
		{C8F6C172-56F2-4E76-B5FA-C3B423B31BE8}.Release|x86.Build.0 = Release|Win32
	EndGlobalSection
	GlobalSection(SolutionProperties) = preSolution
		HideSolutionNode = FALSE
	EndGlobalSection
	GlobalSection(ExtensibilityGlobals) = postSolution
		SolutionGuid = {76D2DCF3-7207-40E9-A2AE-E1E76F9B8CED}
	EndGlobalSection
EndGlobal
